{
    "_readme": [
        "This file locks the dependencies of your project to a known state",
        "Read more about it at https://getcomposer.org/doc/01-basic-usage.md#installing-dependencies",
        "This file is @generated automatically"
    ],
    "content-hash": "44f52be19142d1d6c3aafa6b2b191e4f",
    "packages": [
        {
            "name": "sendynl/php-sdk",
            "version": "3.x-dev",
            "source": {
                "type": "git",
                "url": "https://github.com/sendynl/php-sdk.git",
                "reference": "75e9dc2e6703c499295f56d05c745b1924256471"
            },
            "dist": {
                "type": "zip",
                "url": "https://api.github.com/repos/sendynl/php-sdk/zipball/75e9dc2e6703c499295f56d05c745b1924256471",
                "reference": "75e9dc2e6703c499295f56d05c745b1924256471",
                "shasum": ""
            },
            "require": {
                "ext-json": "*",
                "php": ">=7.4.0"
            },
            "require-dev": {
                "mockery/mockery": "^1.5",
                "php-cs-fixer/shim": "^3.87",
                "phpstan/phpstan": "^1",
                "phpunit/phpunit": "^9.0",
                "psr/http-client": "^1.0",
                "psr/http-factory": "^1.1"
            },
            "type": "library",
            "autoload": {
                "psr-4": {
                    "Sendy\\Api\\": "src/"
                }
            },
            "notification-url": "https://packagist.org/downloads/",
            "license": [
                "MIT"
            ],
            "authors": [
                {
                    "name": "Sendy",
                    "email": "info@sendy.nl"
                }
            ],
            "description": "A PHP Client for the Sendy API",
            "homepage": "https://sendy.nl",
            "keywords": [
                "Sendy",
                "api",
                "php"
            ],
            "support": {
                "issues": "https://github.com/sendynl/php-sdk/issues",
                "source": "https://github.com/sendynl/php-sdk/tree/3.x"
            },
            "time": "2025-11-04T11:09:27+00:00"
        }
    ],
    "packages-dev": [],
    "aliases": [],
    "minimum-stability": "stable",
    "stability-flags": {
        "sendynl/php-sdk": 20
    },
    "prefer-stable": false,
    "prefer-lowest": false,
    "platform": {},
    "platform-dev": {},
    "platform-overrides": {
        "php": "7.4.0"
    },
    "plugin-api-version": "2.6.0"
}
